// !$*UTF8*$!
{
	archiveVersion = 1;
	classes = {
	};
	objectVersion = 50;
	objects = {

/* Begin PBXBuildFile section */
		CBA5966F2516BC29000AC461 /* UIView+cornerRadius.swift in Sources */ = {isa = PBXBuildFile; fileRef = CBA5966E2516BC29000AC461 /* UIView+cornerRadius.swift */; };
		CBA596712516C61A000AC461 /* CustomTextField.swift in Sources */ = {isa = PBXBuildFile; fileRef = CBA596702516C61A000AC461 /* CustomTextField.swift */; };
		CBC325062515E9100007C146 /* AppDelegate.swift in Sources */ = {isa = PBXBuildFile; fileRef = CBC325052515E9100007C146 /* AppDelegate.swift */; };
		CBC3250A2515E9100007C146 /* ViewController.swift in Sources */ = {isa = PBXBuildFile; fileRef = CBC325092515E9100007C146 /* ViewController.swift */; };
		CBC3250D2515E9100007C146 /* Main.storyboard in Resources */ = {isa = PBXBuildFile; fileRef = CBC3250B2515E9100007C146 /* Main.storyboard */; };
		CBC325102515E9100007C146 /* RecipeApp.xcdatamodeld in Sources */ = {isa = PBXBuildFile; fileRef = CBC3250E2515E9100007C146 /* RecipeApp.xcdatamodeld */; };
		CBC325122515E9100007C146 /* Assets.xcassets in Resources */ = {isa = PBXBuildFile; fileRef = CBC325112515E9100007C146 /* Assets.xcassets */; };
		CBC325152515E9100007C146 /* LaunchScreen.storyboard in Resources */ = {isa = PBXBuildFile; fileRef = CBC325132515E9100007C146 /* LaunchScreen.storyboard */; };
		CBC325202515EC050007C146 /* Networking.swift in Sources */ = {isa = PBXBuildFile; fileRef = CBC3251F2515EC050007C146 /* Networking.swift */; };
		D66AA3541A87490574D448F3 /* libPods-RecipeApp.a in Frameworks */ = {isa = PBXBuildFile; fileRef = D33ECD4EAD4F2247B7166365 /* libPods-RecipeApp.a */; };
/* End PBXBuildFile section */

/* Begin PBXFileReference section */
		4C28A8BC2DC9826B8DC79AB9 /* Pods-RecipeApp.release.xcconfig */ = {isa = PBXFileReference; includeInIndex = 1; lastKnownFileType = text.xcconfig; name = "Pods-RecipeApp.release.xcconfig"; path = "Target Support Files/Pods-RecipeApp/Pods-RecipeApp.release.xcconfig"; sourceTree = "<group>"; };
		CBA5966E2516BC29000AC461 /* UIView+cornerRadius.swift */ = {isa = PBXFileReference; lastKnownFileType = sourcecode.swift; path = "UIView+cornerRadius.swift"; sourceTree = "<group>"; };
		CBA596702516C61A000AC461 /* CustomTextField.swift */ = {isa = PBXFileReference; lastKnownFileType = sourcecode.swift; path = CustomTextField.swift; sourceTree = "<group>"; };
		CBC325022515E9100007C146 /* RecipeApp.app */ = {isa = PBXFileReference; explicitFileType = wrapper.application; includeInIndex = 0; path = RecipeApp.app; sourceTree = BUILT_PRODUCTS_DIR; };
		CBC325052515E9100007C146 /* AppDelegate.swift */ = {isa = PBXFileReference; lastKnownFileType = sourcecode.swift; path = AppDelegate.swift; sourceTree = "<group>"; };
		CBC325092515E9100007C146 /* ViewController.swift */ = {isa = PBXFileReference; lastKnownFileType = sourcecode.swift; path = ViewController.swift; sourceTree = "<group>"; };
		CBC3250C2515E9100007C146 /* Base */ = {isa = PBXFileReference; lastKnownFileType = file.storyboard; name = Base; path = Base.lproj/Main.storyboard; sourceTree = "<group>"; };
		CBC3250F2515E9100007C146 /* RecipeApp.xcdatamodel */ = {isa = PBXFileReference; lastKnownFileType = wrapper.xcdatamodel; path = RecipeApp.xcdatamodel; sourceTree = "<group>"; };
		CBC325112515E9100007C146 /* Assets.xcassets */ = {isa = PBXFileReference; lastKnownFileType = folder.assetcatalog; path = Assets.xcassets; sourceTree = "<group>"; };
		CBC325142515E9100007C146 /* Base */ = {isa = PBXFileReference; lastKnownFileType = file.storyboard; name = Base; path = Base.lproj/LaunchScreen.storyboard; sourceTree = "<group>"; };
		CBC325162515E9100007C146 /* Info.plist */ = {isa = PBXFileReference; lastKnownFileType = text.plist.xml; path = Info.plist; sourceTree = "<group>"; };
		CBC3251F2515EC050007C146 /* Networking.swift */ = {isa = PBXFileReference; lastKnownFileType = sourcecode.swift; path = Networking.swift; sourceTree = "<group>"; };
		D33ECD4EAD4F2247B7166365 /* libPods-RecipeApp.a */ = {isa = PBXFileReference; explicitFileType = archive.ar; includeInIndex = 0; path = "libPods-RecipeApp.a"; sourceTree = BUILT_PRODUCTS_DIR; };
		F8768EDFCE435A583715BA51 /* Pods-RecipeApp.debug.xcconfig */ = {isa = PBXFileReference; includeInIndex = 1; lastKnownFileType = text.xcconfig; name = "Pods-RecipeApp.debug.xcconfig"; path = "Target Support Files/Pods-RecipeApp/Pods-RecipeApp.debug.xcconfig"; sourceTree = "<group>"; };
/* End PBXFileReference section */

/* Begin PBXFrameworksBuildPhase section */
		CBC324FF2515E90F0007C146 /* Frameworks */ = {
			isa = PBXFrameworksBuildPhase;
			buildActionMask = 2147483647;
			files = (
				D66AA3541A87490574D448F3 /* libPods-RecipeApp.a in Frameworks */,
			);
			runOnlyForDeploymentPostprocessing = 0;
		};
/* End PBXFrameworksBuildPhase section */

/* Begin PBXGroup section */
		74105832AAD571C7DB7B36A6 /* Pods */ = {
			isa = PBXGroup;
			children = (
				F8768EDFCE435A583715BA51 /* Pods-RecipeApp.debug.xcconfig */,
				4C28A8BC2DC9826B8DC79AB9 /* Pods-RecipeApp.release.xcconfig */,
			);
			path = Pods;
			sourceTree = "<group>";
		};
		974A7D81F8E29250DFC9CCDF /* Frameworks */ = {
			isa = PBXGroup;
			children = (
				D33ECD4EAD4F2247B7166365 /* libPods-RecipeApp.a */,
			);
			name = Frameworks;
			sourceTree = "<group>";
		};
		CBC324F92515E90F0007C146 = {
			isa = PBXGroup;
			children = (
				CBC325042515E9100007C146 /* RecipeApp */,
				CBC325032515E9100007C146 /* Products */,
				74105832AAD571C7DB7B36A6 /* Pods */,
				974A7D81F8E29250DFC9CCDF /* Frameworks */,
			);
			sourceTree = "<group>";
		};
		CBC325032515E9100007C146 /* Products */ = {
			isa = PBXGroup;
			children = (
				CBC325022515E9100007C146 /* RecipeApp.app */,
			);
			name = Products;
			sourceTree = "<group>";
		};
		CBC325042515E9100007C146 /* RecipeApp */ = {
			isa = PBXGroup;
			children = (
				CBC3251C2515EBB50007C146 /* Model */,
				CBC3251D2515EBCA0007C146 /* View */,
				CBC3251E2515EBD70007C146 /* Controller */,
				CBC325052515E9100007C146 /* AppDelegate.swift */,
				CBC325112515E9100007C146 /* Assets.xcassets */,
				CBC325132515E9100007C146 /* LaunchScreen.storyboard */,
				CBC325162515E9100007C146 /* Info.plist */,
				CBC3250E2515E9100007C146 /* RecipeApp.xcdatamodeld */,
			);
			path = RecipeApp;
			sourceTree = "<group>";
		};
		CBC3251C2515EBB50007C146 /* Model */ = {
			isa = PBXGroup;
			children = (
				CBC3251F2515EC050007C146 /* Networking.swift */,
			);
			path = Model;
			sourceTree = "<group>";
		};
		CBC3251D2515EBCA0007C146 /* View */ = {
			isa = PBXGroup;
			children = (
				CBC3250B2515E9100007C146 /* Main.storyboard */,
				CBA5966E2516BC29000AC461 /* UIView+cornerRadius.swift */,
				CBA596702516C61A000AC461 /* CustomTextField.swift */,
			);
			path = View;
			sourceTree = "<group>";
		};
		CBC3251E2515EBD70007C146 /* Controller */ = {
			isa = PBXGroup;
			children = (
				CBC325092515E9100007C146 /* ViewController.swift */,
			);
			path = Controller;
			sourceTree = "<group>";
		};
/* End PBXGroup section */

/* Begin PBXNativeTarget section */
		CBC325012515E90F0007C146 /* RecipeApp */ = {
			isa = PBXNativeTarget;
			buildConfigurationList = CBC325192515E9100007C146 /* Build configuration list for PBXNativeTarget "RecipeApp" */;
			buildPhases = (
				64B6BC9DAC5924196B0127D1 /* [CP] Check Pods Manifest.lock */,
				CBC324FE2515E90F0007C146 /* Sources */,
				CBC324FF2515E90F0007C146 /* Frameworks */,
				CBC325002515E90F0007C146 /* Resources */,
			);
			buildRules = (
			);
			dependencies = (
			);
			name = RecipeApp;
			productName = RecipeApp;
			productReference = CBC325022515E9100007C146 /* RecipeApp.app */;
			productType = "com.apple.product-type.application";
		};
/* End PBXNativeTarget section */

/* Begin PBXProject section */
		CBC324FA2515E90F0007C146 /* Project object */ = {
			isa = PBXProject;
			attributes = {
				LastSwiftUpdateCheck = 1170;
				LastUpgradeCheck = 1170;
				ORGANIZATIONNAME = "Merouane Bellaha";
				TargetAttributes = {
					CBC325012515E90F0007C146 = {
						CreatedOnToolsVersion = 11.7;
					};
				};
			};
			buildConfigurationList = CBC324FD2515E90F0007C146 /* Build configuration list for PBXProject "RecipeApp" */;
			compatibilityVersion = "Xcode 9.3";
			developmentRegion = en;
			hasScannedForEncodings = 0;
			knownRegions = (
				en,
				Base,
			);
			mainGroup = CBC324F92515E90F0007C146;
			productRefGroup = CBC325032515E9100007C146 /* Products */;
			projectDirPath = "";
			projectRoot = "";
			targets = (
				CBC325012515E90F0007C146 /* RecipeApp */,
			);
		};
/* End PBXProject section */

/* Begin PBXResourcesBuildPhase section */
		CBC325002515E90F0007C146 /* Resources */ = {
			isa = PBXResourcesBuildPhase;
			buildActionMask = 2147483647;
			files = (
				CBC325152515E9100007C146 /* LaunchScreen.storyboard in Resources */,
				CBC325122515E9100007C146 /* Assets.xcassets in Resources */,
				CBC3250D2515E9100007C146 /* Main.storyboard in Resources */,
			);
			runOnlyForDeploymentPostprocessing = 0;
		};
/* End PBXResourcesBuildPhase section */

/* Begin PBXShellScriptBuildPhase section */
		64B6BC9DAC5924196B0127D1 /* [CP] Check Pods Manifest.lock */ = {
			isa = PBXShellScriptBuildPhase;
			buildActionMask = 2147483647;
			files = (
			);
			inputFileListPaths = (
			);
			inputPaths = (
				"${PODS_PODFILE_DIR_PATH}/Podfile.lock",
				"${PODS_ROOT}/Manifest.lock",
			);
			name = "[CP] Check Pods Manifest.lock";
			outputFileListPaths = (
			);
			outputPaths = (
				"$(DERIVED_FILE_DIR)/Pods-RecipeApp-checkManifestLockResult.txt",
			);
			runOnlyForDeploymentPostprocessing = 0;
			shellPath = /bin/sh;
			shellScript = "diff \"${PODS_PODFILE_DIR_PATH}/Podfile.lock\" \"${PODS_ROOT}/Manifest.lock\" > /dev/null\nif [ $? != 0 ] ; then\n    # print error to STDERR\n    echo \"error: The sandbox is not in sync with the Podfile.lock. Run 'pod install' or update your CocoaPods installation.\" >&2\n    exit 1\nfi\n# This output is used by Xcode 'outputs' to avoid re-running this script phase.\necho \"SUCCESS\" > \"${SCRIPT_OUTPUT_FILE_0}\"\n";
			showEnvVarsInLog = 0;
		};
/* End PBXShellScriptBuildPhase section */

/* Begin PBXSourcesBuildPhase section */
		CBC324FE2515E90F0007C146 /* Sources */ = {
			isa = PBXSourcesBuildPhase;
			buildActionMask = 2147483647;
			files = (
				CBC3250A2515E9100007C146 /* ViewController.swift in Sources */,
				CBC325202515EC050007C146 /* Networking.swift in Sources */,
				CBA596712516C61A000AC461 /* CustomTextField.swift in Sources */,
				CBC325062515E9100007C146 /* AppDelegate.swift in Sources */,
				CBC325102515E9100007C146 /* RecipeApp.xcdatamodeld in Sources */,
				CBA5966F2516BC29000AC461 /* UIView+cornerRadius.swift in Sources */,
			);
			runOnlyForDeploymentPostprocessing = 0;
		};
/* End PBXSourcesBuildPhase section */

/* Begin PBXVariantGroup section */
		CBC3250B2515E9100007C146 /* Main.storyboard */ = {
			isa = PBXVariantGroup;
			children = (
				CBC3250C2515E9100007C146 /* Base */,
			);
			name = Main.storyboard;
			sourceTree = "<group>";
		};
		CBC325132515E9100007C146 /* LaunchScreen.storyboard */ = {
			isa = PBXVariantGroup;
			children = (
				CBC325142515E9100007C146 /* Base */,
			);
			name = LaunchScreen.storyboard;
			sourceTree = "<group>";
		};
/* End PBXVariantGroup section */

/* Begin XCBuildConfiguration section */
		CBC325172515E9100007C146 /* Debug */ = {
			isa = XCBuildConfiguration;
			buildSettings = {
				ALWAYS_SEARCH_USER_PATHS = NO;
				CLANG_ANALYZER_NONNULL = YES;
				CLANG_ANALYZER_NUMBER_OBJECT_CONVERSION = YES_AGGRESSIVE;
				CLANG_CXX_LANGUAGE_STANDARD = "gnu++14";
				CLANG_CXX_LIBRARY = "libc++";
				CLANG_ENABLE_MODULES = YES;
				CLANG_ENABLE_OBJC_ARC = YES;
				CLANG_ENABLE_OBJC_WEAK = YES;
				CLANG_WARN_BLOCK_CAPTURE_AUTORELEASING = YES;
				CLANG_WARN_BOOL_CONVERSION = YES;
				CLANG_WARN_COMMA = YES;
				CLANG_WARN_CONSTANT_CONVERSION = YES;
				CLANG_WARN_DEPRECATED_OBJC_IMPLEMENTATIONS = YES;
				CLANG_WARN_DIRECT_OBJC_ISA_USAGE = YES_ERROR;
				CLANG_WARN_DOCUMENTATION_COMMENTS = YES;
				CLANG_WARN_EMPTY_BODY = YES;
				CLANG_WARN_ENUM_CONVERSION = YES;
				CLANG_WARN_INFINITE_RECURSION = YES;
				CLANG_WARN_INT_CONVERSION = YES;
				CLANG_WARN_NON_LITERAL_NULL_CONVERSION = YES;
				CLANG_WARN_OBJC_IMPLICIT_RETAIN_SELF = YES;
				CLANG_WARN_OBJC_LITERAL_CONVERSION = YES;
				CLANG_WARN_OBJC_ROOT_CLASS = YES_ERROR;
				CLANG_WARN_RANGE_LOOP_ANALYSIS = YES;
				CLANG_WARN_STRICT_PROTOTYPES = YES;
				CLANG_WARN_SUSPICIOUS_MOVE = YES;
				CLANG_WARN_UNGUARDED_AVAILABILITY = YES_AGGRESSIVE;
				CLANG_WARN_UNREACHABLE_CODE = YES;
				CLANG_WARN__DUPLICATE_METHOD_MATCH = YES;
				COPY_PHASE_STRIP = NO;
				DEBUG_INFORMATION_FORMAT = dwarf;
				ENABLE_STRICT_OBJC_MSGSEND = YES;
				ENABLE_TESTABILITY = YES;
				GCC_C_LANGUAGE_STANDARD = gnu11;
				GCC_DYNAMIC_NO_PIC = NO;
				GCC_NO_COMMON_BLOCKS = YES;
				GCC_OPTIMIZATION_LEVEL = 0;
				GCC_PREPROCESSOR_DEFINITIONS = (
					"DEBUG=1",
					"$(inherited)",
				);
				GCC_WARN_64_TO_32_BIT_CONVERSION = YES;
				GCC_WARN_ABOUT_RETURN_TYPE = YES_ERROR;
				GCC_WARN_UNDECLARED_SELECTOR = YES;
				GCC_WARN_UNINITIALIZED_AUTOS = YES_AGGRESSIVE;
				GCC_WARN_UNUSED_FUNCTION = YES;
				GCC_WARN_UNUSED_VARIABLE = YES;
				IPHONEOS_DEPLOYMENT_TARGET = 11.0;
				MTL_ENABLE_DEBUG_INFO = INCLUDE_SOURCE;
				MTL_FAST_MATH = YES;
				ONLY_ACTIVE_ARCH = YES;
				SDKROOT = iphoneos;
				SWIFT_ACTIVE_COMPILATION_CONDITIONS = DEBUG;
				SWIFT_OPTIMIZATION_LEVEL = "-Onone";
			};
			name = Debug;
		};
		CBC325182515E9100007C146 /* Release */ = {
			isa = XCBuildConfiguration;
			buildSettings = {
				ALWAYS_SEARCH_USER_PATHS = NO;
				CLANG_ANALYZER_NONNULL = YES;
				CLANG_ANALYZER_NUMBER_OBJECT_CONVERSION = YES_AGGRESSIVE;
				CLANG_CXX_LANGUAGE_STANDARD = "gnu++14";
				CLANG_CXX_LIBRARY = "libc++";
				CLANG_ENABLE_MODULES = YES;
				CLANG_ENABLE_OBJC_ARC = YES;
				CLANG_ENABLE_OBJC_WEAK = YES;
				CLANG_WARN_BLOCK_CAPTURE_AUTORELEASING = YES;
				CLANG_WARN_BOOL_CONVERSION = YES;
				CLANG_WARN_COMMA = YES;
				CLANG_WARN_CONSTANT_CONVERSION = YES;
				CLANG_WARN_DEPRECATED_OBJC_IMPLEMENTATIONS = YES;
				CLANG_WARN_DIRECT_OBJC_ISA_USAGE = YES_ERROR;
				CLANG_WARN_DOCUMENTATION_COMMENTS = YES;
				CLANG_WARN_EMPTY_BODY = YES;
				CLANG_WARN_ENUM_CONVERSION = YES;
				CLANG_WARN_INFINITE_RECURSION = YES;
				CLANG_WARN_INT_CONVERSION = YES;
				CLANG_WARN_NON_LITERAL_NULL_CONVERSION = YES;
				CLANG_WARN_OBJC_IMPLICIT_RETAIN_SELF = YES;
				CLANG_WARN_OBJC_LITERAL_CONVERSION = YES;
				CLANG_WARN_OBJC_ROOT_CLASS = YES_ERROR;
				CLANG_WARN_RANGE_LOOP_ANALYSIS = YES;
				CLANG_WARN_STRICT_PROTOTYPES = YES;
				CLANG_WARN_SUSPICIOUS_MOVE = YES;
				CLANG_WARN_UNGUARDED_AVAILABILITY = YES_AGGRESSIVE;
				CLANG_WARN_UNREACHABLE_CODE = YES;
				CLANG_WARN__DUPLICATE_METHOD_MATCH = YES;
				COPY_PHASE_STRIP = NO;
				DEBUG_INFORMATION_FORMAT = "dwarf-with-dsym";
				ENABLE_NS_ASSERTIONS = NO;
				ENABLE_STRICT_OBJC_MSGSEND = YES;
				GCC_C_LANGUAGE_STANDARD = gnu11;
				GCC_NO_COMMON_BLOCKS = YES;
				GCC_WARN_64_TO_32_BIT_CONVERSION = YES;
				GCC_WARN_ABOUT_RETURN_TYPE = YES_ERROR;
				GCC_WARN_UNDECLARED_SELECTOR = YES;
				GCC_WARN_UNINITIALIZED_AUTOS = YES_AGGRESSIVE;
				GCC_WARN_UNUSED_FUNCTION = YES;
				GCC_WARN_UNUSED_VARIABLE = YES;
				IPHONEOS_DEPLOYMENT_TARGET = 11.0;
				MTL_ENABLE_DEBUG_INFO = NO;
				MTL_FAST_MATH = YES;
				SDKROOT = iphoneos;
				SWIFT_COMPILATION_MODE = wholemodule;
				SWIFT_OPTIMIZATION_LEVEL = "-O";
				VALIDATE_PRODUCT = YES;
			};
			name = Release;
		};
		CBC3251A2515E9100007C146 /* Debug */ = {
			isa = XCBuildConfiguration;
			baseConfigurationReference = F8768EDFCE435A583715BA51 /* Pods-RecipeApp.debug.xcconfig */;
			buildSettings = {
				ASSETCATALOG_COMPILER_APPICON_NAME = AppIcon;
				CODE_SIGN_STYLE = Automatic;
				DEVELOPMENT_TEAM = K8M973GY56;
				INFOPLIST_FILE = RecipeApp/Info.plist;
				IPHONEOS_DEPLOYMENT_TARGET = 11.0;
				LD_RUNPATH_SEARCH_PATHS = (
					"$(inherited)",
					"@executable_path/Frameworks",
				);
				PRODUCT_BUNDLE_IDENTIFIER = com.merouanebellaha.RecipeApp;
				PRODUCT_NAME = "$(TARGET_NAME)";
				SWIFT_VERSION = 5.0;
				TARGETED_DEVICE_FAMILY = 1;
			};
			name = Debug;
		};
		CBC3251B2515E9100007C146 /* Release */ = {
			isa = XCBuildConfiguration;
			baseConfigurationReference = 4C28A8BC2DC9826B8DC79AB9 /* Pods-RecipeApp.release.xcconfig */;
			buildSettings = {
				ASSETCATALOG_COMPILER_APPICON_NAME = AppIcon;
				CODE_SIGN_STYLE = Automatic;
				DEVELOPMENT_TEAM = K8M973GY56;
				INFOPLIST_FILE = RecipeApp/Info.plist;
				IPHONEOS_DEPLOYMENT_TARGET = 11.0;
				LD_RUNPATH_SEARCH_PATHS = (
					"$(inherited)",
					"@executable_path/Frameworks",
				);
				PRODUCT_BUNDLE_IDENTIFIER = com.merouanebellaha.RecipeApp;
				PRODUCT_NAME = "$(TARGET_NAME)";
				SWIFT_VERSION = 5.0;
				TARGETED_DEVICE_FAMILY = 1;
			};
			name = Release;
		};
/* End XCBuildConfiguration section */

/* Begin XCConfigurationList section */
		CBC324FD2515E90F0007C146 /* Build configuration list for PBXProject "RecipeApp" */ = {
			isa = XCConfigurationList;
			buildConfigurations = (
				CBC325172515E9100007C146 /* Debug */,
				CBC325182515E9100007C146 /* Release */,
			);
			defaultConfigurationIsVisible = 0;
			defaultConfigurationName = Release;
		};
		CBC325192515E9100007C146 /* Build configuration list for PBXNativeTarget "RecipeApp" */ = {
			isa = XCConfigurationList;
			buildConfigurations = (
				CBC3251A2515E9100007C146 /* Debug */,
				CBC3251B2515E9100007C146 /* Release */,
			);
			defaultConfigurationIsVisible = 0;
			defaultConfigurationName = Release;
		};
/* End XCConfigurationList section */

/* Begin XCVersionGroup section */
		CBC3250E2515E9100007C146 /* RecipeApp.xcdatamodeld */ = {
			isa = XCVersionGroup;
			children = (
				CBC3250F2515E9100007C146 /* RecipeApp.xcdatamodel */,
			);
			currentVersion = CBC3250F2515E9100007C146 /* RecipeApp.xcdatamodel */;
			path = RecipeApp.xcdatamodeld;
			sourceTree = "<group>";
			versionGroupType = wrapper.xcdatamodel;
		};
/* End XCVersionGroup section */
	};
	rootObject = CBC324FA2515E90F0007C146 /* Project object */;
}
