// !$*UTF8*$!
{
	archiveVersion = 1;
	classes = {
	};
	objectVersion = 50;
	objects = {

/* Begin PBXBuildFile section */
		5B48EBBEEB46EFA00EFE5EA7 /* libPods-RecipeAppTests.a in Frameworks */ = {isa = PBXBuildFile; fileRef = DAEE25D7474999C604DF3FC7 /* libPods-RecipeAppTests.a */; };
		AD5C0ED1BC6A694232506D3C /* libPods-RecipeApp.a in Frameworks */ = {isa = PBXBuildFile; fileRef = F7B9F54D7A54DBD88FE565D0 /* libPods-RecipeApp.a */; };
		CB1C0AF72517514D00BE9AD3 /* UIView+shadow.swift in Sources */ = {isa = PBXBuildFile; fileRef = CB1C0AF62517514D00BE9AD3 /* UIView+shadow.swift */; };
		CB1C0AFA2517518200BE9AD3 /* RecipeCell.swift in Sources */ = {isa = PBXBuildFile; fileRef = CB1C0AF82517518200BE9AD3 /* RecipeCell.swift */; };
		CB1C0AFB2517518200BE9AD3 /* RecipeCell.xib in Resources */ = {isa = PBXBuildFile; fileRef = CB1C0AF92517518200BE9AD3 /* RecipeCell.xib */; };
		CB3B3C5125208E60007C6EDB /* CoreDataManager.swift in Sources */ = {isa = PBXBuildFile; fileRef = CB3B3C4925208D5D007C6EDB /* CoreDataManager.swift */; };
		CB3B3C5425208E63007C6EDB /* CoreDataStack.swift in Sources */ = {isa = PBXBuildFile; fileRef = CB3B3C4825208D5A007C6EDB /* CoreDataStack.swift */; };
		CB6DB238251F366F00097010 /* RecipeModelFromHitTestCase.swift in Sources */ = {isa = PBXBuildFile; fileRef = CB6DB237251F366F00097010 /* RecipeModelFromHitTestCase.swift */; };
		CB6DB249251F501E00097010 /* UIColor+getColorTheme.swift in Sources */ = {isa = PBXBuildFile; fileRef = CB6DB248251F501E00097010 /* UIColor+getColorTheme.swift */; };
		CB6DB24D251F511F00097010 /* RecipeDetailViewController.swift in Sources */ = {isa = PBXBuildFile; fileRef = CB6DB24C251F511F00097010 /* RecipeDetailViewController.swift */; };
		CB7280A6251DC6AF00370A42 /* NetworkingService.swift in Sources */ = {isa = PBXBuildFile; fileRef = CB7280A5251DC6AF00370A42 /* NetworkingService.swift */; };
		CB7280AC251DC79700370A42 /* Data.swift in Sources */ = {isa = PBXBuildFile; fileRef = CB7280AB251DC79700370A42 /* Data.swift */; };
		CB7280AF251DC7BF00370A42 /* RequestError.swift in Sources */ = {isa = PBXBuildFile; fileRef = CB7280AE251DC7BF00370A42 /* RequestError.swift */; };
		CB7280B8251DD70200370A42 /* NetworkingServiceTestCase.swift in Sources */ = {isa = PBXBuildFile; fileRef = CB7280B7251DD70200370A42 /* NetworkingServiceTestCase.swift */; };
		CB7280C2251DD73300370A42 /* FakeResponseData.swift in Sources */ = {isa = PBXBuildFile; fileRef = CB7280C1251DD73300370A42 /* FakeResponseData.swift */; };
		CB7280C9251DD78400370A42 /* MockNetworkingSession.swift in Sources */ = {isa = PBXBuildFile; fileRef = CB7280C8251DD78400370A42 /* MockNetworkingSession.swift */; };
		CB72812C251DF91B00370A42 /* Recipe.json in Resources */ = {isa = PBXBuildFile; fileRef = CB7280C7251DD74100370A42 /* Recipe.json */; };
		CB728139251E41CE00370A42 /* RecipeViewModel.swift in Sources */ = {isa = PBXBuildFile; fileRef = CB728138251E41CE00370A42 /* RecipeViewModel.swift */; };
		CB72813E251E425800370A42 /* String+transformToArray.swift in Sources */ = {isa = PBXBuildFile; fileRef = CB72813D251E425800370A42 /* String+transformToArray.swift */; };
		CB728146251E428400370A42 /* Array+transformToString.swift in Sources */ = {isa = PBXBuildFile; fileRef = CB728145251E428400370A42 /* Array+transformToString.swift */; };
		CB72814A251E446300370A42 /* String+asData.swift in Sources */ = {isa = PBXBuildFile; fileRef = CB728149251E446300370A42 /* String+asData.swift */; };
		CB759EF62529FDB700D4EC0B /* Constant.swift in Sources */ = {isa = PBXBuildFile; fileRef = CB759EF52529FDB700D4EC0B /* Constant.swift */; };
		CB759EFA252A082500D4EC0B /* EdamamKey.swift in Sources */ = {isa = PBXBuildFile; fileRef = CB759EF9252A082500D4EC0B /* EdamamKey.swift */; };
		CB759F02252A426B00D4EC0B /* CustomTabBar.swift in Sources */ = {isa = PBXBuildFile; fileRef = CB759F01252A426B00D4EC0B /* CustomTabBar.swift */; };
		CBA060FA2516DE5400AC03C4 /* UIViewController+setAlertVc.swift in Sources */ = {isa = PBXBuildFile; fileRef = CBA060F92516DE5400AC03C4 /* UIViewController+setAlertVc.swift */; };
		CBA5966F2516BC29000AC461 /* UIView+cornerRadius.swift in Sources */ = {isa = PBXBuildFile; fileRef = CBA5966E2516BC29000AC461 /* UIView+cornerRadius.swift */; };
		CBA596712516C61A000AC461 /* CustomTextField.swift in Sources */ = {isa = PBXBuildFile; fileRef = CBA596702516C61A000AC461 /* CustomTextField.swift */; };
		CBB59825253B513400C40D3F /* RecipeModelFromRecipeEntityTestCase.swift in Sources */ = {isa = PBXBuildFile; fileRef = CBB59824253B513400C40D3F /* RecipeModelFromRecipeEntityTestCase.swift */; };
		CBB59837253B555900C40D3F /* FakeCoreDataStack.swift in Sources */ = {isa = PBXBuildFile; fileRef = CBB59836253B555900C40D3F /* FakeCoreDataStack.swift */; };
		CBB5983B253B5B4A00C40D3F /* CoreDataManagerTestCase.swift in Sources */ = {isa = PBXBuildFile; fileRef = CBB5983A253B5B4A00C40D3F /* CoreDataManagerTestCase.swift */; };
		CBC325062515E9100007C146 /* AppDelegate.swift in Sources */ = {isa = PBXBuildFile; fileRef = CBC325052515E9100007C146 /* AppDelegate.swift */; };
		CBC3250A2515E9100007C146 /* HomeViewController.swift in Sources */ = {isa = PBXBuildFile; fileRef = CBC325092515E9100007C146 /* HomeViewController.swift */; };
		CBC3250D2515E9100007C146 /* Main.storyboard in Resources */ = {isa = PBXBuildFile; fileRef = CBC3250B2515E9100007C146 /* Main.storyboard */; };
		CBC325122515E9100007C146 /* Assets.xcassets in Resources */ = {isa = PBXBuildFile; fileRef = CBC325112515E9100007C146 /* Assets.xcassets */; };
		CBC325152515E9100007C146 /* LaunchScreen.storyboard in Resources */ = {isa = PBXBuildFile; fileRef = CBC325132515E9100007C146 /* LaunchScreen.storyboard */; };
		CBC325202515EC050007C146 /* NetworkingSession.swift in Sources */ = {isa = PBXBuildFile; fileRef = CBC3251F2515EC050007C146 /* NetworkingSession.swift */; };
		CBC4D2C3251756F40073FD6A /* RecipesTableViewController.swift in Sources */ = {isa = PBXBuildFile; fileRef = CBC4D2C2251756F40073FD6A /* RecipesTableViewController.swift */; };
		CBD706992528814B00568539 /* RecipeModel.xcdatamodeld in Sources */ = {isa = PBXBuildFile; fileRef = CBD706972528814B00568539 /* RecipeModel.xcdatamodeld */; };
		CBD706A125288B9800568539 /* FavoriteButton.swift in Sources */ = {isa = PBXBuildFile; fileRef = CBD706A025288B9800568539 /* FavoriteButton.swift */; };
		CBD706A52528A80900568539 /* FavoriteRecipesTableViewController copy.swift in Sources */ = {isa = PBXBuildFile; fileRef = CBD706A42528A80900568539 /* FavoriteRecipesTableViewController copy.swift */; };
/* End PBXBuildFile section */

/* Begin PBXContainerItemProxy section */
		CB7280BA251DD70200370A42 /* PBXContainerItemProxy */ = {
			isa = PBXContainerItemProxy;
			containerPortal = CBC324FA2515E90F0007C146 /* Project object */;
			proxyType = 1;
			remoteGlobalIDString = CBC325012515E90F0007C146;
			remoteInfo = RecipeApp;
		};
/* End PBXContainerItemProxy section */

/* Begin PBXFileReference section */
		6F9426F2443D096D756AE2CD /* Pods-RecipeApp.debug.xcconfig */ = {isa = PBXFileReference; includeInIndex = 1; lastKnownFileType = text.xcconfig; name = "Pods-RecipeApp.debug.xcconfig"; path = "Target Support Files/Pods-RecipeApp/Pods-RecipeApp.debug.xcconfig"; sourceTree = "<group>"; };
		70F3EECA1177C4D68EF9B64D /* Pods-RecipeAppTests.release.xcconfig */ = {isa = PBXFileReference; includeInIndex = 1; lastKnownFileType = text.xcconfig; name = "Pods-RecipeAppTests.release.xcconfig"; path = "Target Support Files/Pods-RecipeAppTests/Pods-RecipeAppTests.release.xcconfig"; sourceTree = "<group>"; };
		7AF98BF069C07D416663EA77 /* Pods-RecipeAppTests.debug.xcconfig */ = {isa = PBXFileReference; includeInIndex = 1; lastKnownFileType = text.xcconfig; name = "Pods-RecipeAppTests.debug.xcconfig"; path = "Target Support Files/Pods-RecipeAppTests/Pods-RecipeAppTests.debug.xcconfig"; sourceTree = "<group>"; };
		CB1C0AF62517514D00BE9AD3 /* UIView+shadow.swift */ = {isa = PBXFileReference; lastKnownFileType = sourcecode.swift; path = "UIView+shadow.swift"; sourceTree = "<group>"; };
		CB1C0AF82517518200BE9AD3 /* RecipeCell.swift */ = {isa = PBXFileReference; lastKnownFileType = sourcecode.swift; path = RecipeCell.swift; sourceTree = "<group>"; };
		CB1C0AF92517518200BE9AD3 /* RecipeCell.xib */ = {isa = PBXFileReference; lastKnownFileType = file.xib; path = RecipeCell.xib; sourceTree = "<group>"; };
		CB3B3C4825208D5A007C6EDB /* CoreDataStack.swift */ = {isa = PBXFileReference; lastKnownFileType = sourcecode.swift; path = CoreDataStack.swift; sourceTree = "<group>"; };
		CB3B3C4925208D5D007C6EDB /* CoreDataManager.swift */ = {isa = PBXFileReference; lastKnownFileType = sourcecode.swift; path = CoreDataManager.swift; sourceTree = "<group>"; };
		CB6DB237251F366F00097010 /* RecipeModelFromHitTestCase.swift */ = {isa = PBXFileReference; lastKnownFileType = sourcecode.swift; path = RecipeModelFromHitTestCase.swift; sourceTree = "<group>"; };
		CB6DB248251F501E00097010 /* UIColor+getColorTheme.swift */ = {isa = PBXFileReference; lastKnownFileType = sourcecode.swift; path = "UIColor+getColorTheme.swift"; sourceTree = "<group>"; };
		CB6DB24C251F511F00097010 /* RecipeDetailViewController.swift */ = {isa = PBXFileReference; lastKnownFileType = sourcecode.swift; path = RecipeDetailViewController.swift; sourceTree = "<group>"; };
		CB7280A5251DC6AF00370A42 /* NetworkingService.swift */ = {isa = PBXFileReference; lastKnownFileType = sourcecode.swift; path = NetworkingService.swift; sourceTree = "<group>"; };
		CB7280AB251DC79700370A42 /* Data.swift */ = {isa = PBXFileReference; lastKnownFileType = sourcecode.swift; path = Data.swift; sourceTree = "<group>"; };
		CB7280AE251DC7BF00370A42 /* RequestError.swift */ = {isa = PBXFileReference; lastKnownFileType = sourcecode.swift; path = RequestError.swift; sourceTree = "<group>"; };
		CB7280B5251DD70200370A42 /* RecipeAppTests.xctest */ = {isa = PBXFileReference; explicitFileType = wrapper.cfbundle; includeInIndex = 0; path = RecipeAppTests.xctest; sourceTree = BUILT_PRODUCTS_DIR; };
		CB7280B7251DD70200370A42 /* NetworkingServiceTestCase.swift */ = {isa = PBXFileReference; lastKnownFileType = sourcecode.swift; path = NetworkingServiceTestCase.swift; sourceTree = "<group>"; };
		CB7280B9251DD70200370A42 /* Info.plist */ = {isa = PBXFileReference; lastKnownFileType = text.plist.xml; path = Info.plist; sourceTree = "<group>"; };
		CB7280C1251DD73300370A42 /* FakeResponseData.swift */ = {isa = PBXFileReference; lastKnownFileType = sourcecode.swift; path = FakeResponseData.swift; sourceTree = "<group>"; };
		CB7280C7251DD74100370A42 /* Recipe.json */ = {isa = PBXFileReference; lastKnownFileType = text.json; path = Recipe.json; sourceTree = "<group>"; };
		CB7280C8251DD78400370A42 /* MockNetworkingSession.swift */ = {isa = PBXFileReference; lastKnownFileType = sourcecode.swift; path = MockNetworkingSession.swift; sourceTree = "<group>"; };
		CB728138251E41CE00370A42 /* RecipeViewModel.swift */ = {isa = PBXFileReference; lastKnownFileType = sourcecode.swift; path = RecipeViewModel.swift; sourceTree = "<group>"; };
		CB72813D251E425800370A42 /* String+transformToArray.swift */ = {isa = PBXFileReference; lastKnownFileType = sourcecode.swift; path = "String+transformToArray.swift"; sourceTree = "<group>"; };
		CB728145251E428400370A42 /* Array+transformToString.swift */ = {isa = PBXFileReference; lastKnownFileType = sourcecode.swift; path = "Array+transformToString.swift"; sourceTree = "<group>"; };
		CB728149251E446300370A42 /* String+asData.swift */ = {isa = PBXFileReference; lastKnownFileType = sourcecode.swift; path = "String+asData.swift"; sourceTree = "<group>"; };
		CB759EF52529FDB700D4EC0B /* Constant.swift */ = {isa = PBXFileReference; lastKnownFileType = sourcecode.swift; path = Constant.swift; sourceTree = "<group>"; };
		CB759EF9252A082500D4EC0B /* EdamamKey.swift */ = {isa = PBXFileReference; lastKnownFileType = sourcecode.swift; path = EdamamKey.swift; sourceTree = "<group>"; };
		CB759F01252A426B00D4EC0B /* CustomTabBar.swift */ = {isa = PBXFileReference; lastKnownFileType = sourcecode.swift; path = CustomTabBar.swift; sourceTree = "<group>"; };
		CBA060F92516DE5400AC03C4 /* UIViewController+setAlertVc.swift */ = {isa = PBXFileReference; lastKnownFileType = sourcecode.swift; path = "UIViewController+setAlertVc.swift"; sourceTree = "<group>"; };
		CBA5966E2516BC29000AC461 /* UIView+cornerRadius.swift */ = {isa = PBXFileReference; lastKnownFileType = sourcecode.swift; path = "UIView+cornerRadius.swift"; sourceTree = "<group>"; };
		CBA596702516C61A000AC461 /* CustomTextField.swift */ = {isa = PBXFileReference; lastKnownFileType = sourcecode.swift; path = CustomTextField.swift; sourceTree = "<group>"; };
		CBB59824253B513400C40D3F /* RecipeModelFromRecipeEntityTestCase.swift */ = {isa = PBXFileReference; lastKnownFileType = sourcecode.swift; path = RecipeModelFromRecipeEntityTestCase.swift; sourceTree = "<group>"; };
		CBB59836253B555900C40D3F /* FakeCoreDataStack.swift */ = {isa = PBXFileReference; lastKnownFileType = sourcecode.swift; path = FakeCoreDataStack.swift; sourceTree = "<group>"; };
		CBB5983A253B5B4A00C40D3F /* CoreDataManagerTestCase.swift */ = {isa = PBXFileReference; lastKnownFileType = sourcecode.swift; path = CoreDataManagerTestCase.swift; sourceTree = "<group>"; };
		CBC325022515E9100007C146 /* RecipeApp.app */ = {isa = PBXFileReference; explicitFileType = wrapper.application; includeInIndex = 0; path = RecipeApp.app; sourceTree = BUILT_PRODUCTS_DIR; };
		CBC325052515E9100007C146 /* AppDelegate.swift */ = {isa = PBXFileReference; lastKnownFileType = sourcecode.swift; path = AppDelegate.swift; sourceTree = "<group>"; };
		CBC325092515E9100007C146 /* HomeViewController.swift */ = {isa = PBXFileReference; lastKnownFileType = sourcecode.swift; path = HomeViewController.swift; sourceTree = "<group>"; };
		CBC3250C2515E9100007C146 /* Base */ = {isa = PBXFileReference; lastKnownFileType = file.storyboard; name = Base; path = Base.lproj/Main.storyboard; sourceTree = "<group>"; };
		CBC325112515E9100007C146 /* Assets.xcassets */ = {isa = PBXFileReference; lastKnownFileType = folder.assetcatalog; path = Assets.xcassets; sourceTree = "<group>"; };
		CBC325142515E9100007C146 /* Base */ = {isa = PBXFileReference; lastKnownFileType = file.storyboard; name = Base; path = Base.lproj/LaunchScreen.storyboard; sourceTree = "<group>"; };
		CBC325162515E9100007C146 /* Info.plist */ = {isa = PBXFileReference; lastKnownFileType = text.plist.xml; path = Info.plist; sourceTree = "<group>"; };
		CBC3251F2515EC050007C146 /* NetworkingSession.swift */ = {isa = PBXFileReference; lastKnownFileType = sourcecode.swift; path = NetworkingSession.swift; sourceTree = "<group>"; };
		CBC4D2C2251756F40073FD6A /* RecipesTableViewController.swift */ = {isa = PBXFileReference; lastKnownFileType = sourcecode.swift; path = RecipesTableViewController.swift; sourceTree = "<group>"; };
		CBD706982528814B00568539 /* Recipe.xcdatamodel */ = {isa = PBXFileReference; lastKnownFileType = wrapper.xcdatamodel; path = Recipe.xcdatamodel; sourceTree = "<group>"; };
		CBD706A025288B9800568539 /* FavoriteButton.swift */ = {isa = PBXFileReference; lastKnownFileType = sourcecode.swift; path = FavoriteButton.swift; sourceTree = "<group>"; };
		CBD706A42528A80900568539 /* FavoriteRecipesTableViewController copy.swift */ = {isa = PBXFileReference; lastKnownFileType = sourcecode.swift; path = "FavoriteRecipesTableViewController copy.swift"; sourceTree = "<group>"; };
		DAEE25D7474999C604DF3FC7 /* libPods-RecipeAppTests.a */ = {isa = PBXFileReference; explicitFileType = archive.ar; includeInIndex = 0; path = "libPods-RecipeAppTests.a"; sourceTree = BUILT_PRODUCTS_DIR; };
		E993170BC0A4061B3DBCE9AA /* Pods-RecipeApp.release.xcconfig */ = {isa = PBXFileReference; includeInIndex = 1; lastKnownFileType = text.xcconfig; name = "Pods-RecipeApp.release.xcconfig"; path = "Target Support Files/Pods-RecipeApp/Pods-RecipeApp.release.xcconfig"; sourceTree = "<group>"; };
		F7B9F54D7A54DBD88FE565D0 /* libPods-RecipeApp.a */ = {isa = PBXFileReference; explicitFileType = archive.ar; includeInIndex = 0; path = "libPods-RecipeApp.a"; sourceTree = BUILT_PRODUCTS_DIR; };
/* End PBXFileReference section */

/* Begin PBXFrameworksBuildPhase section */
		CB7280B2251DD70200370A42 /* Frameworks */ = {
			isa = PBXFrameworksBuildPhase;
			buildActionMask = 2147483647;
			files = (
				5B48EBBEEB46EFA00EFE5EA7 /* libPods-RecipeAppTests.a in Frameworks */,
			);
			runOnlyForDeploymentPostprocessing = 0;
		};
		CBC324FF2515E90F0007C146 /* Frameworks */ = {
			isa = PBXFrameworksBuildPhase;
			buildActionMask = 2147483647;
			files = (
				AD5C0ED1BC6A694232506D3C /* libPods-RecipeApp.a in Frameworks */,
			);
			runOnlyForDeploymentPostprocessing = 0;
		};
/* End PBXFrameworksBuildPhase section */

/* Begin PBXGroup section */
		4E7D7602D8F20118ABFA1210 /* Frameworks */ = {
			isa = PBXGroup;
			children = (
				F7B9F54D7A54DBD88FE565D0 /* libPods-RecipeApp.a */,
				DAEE25D7474999C604DF3FC7 /* libPods-RecipeAppTests.a */,
			);
			name = Frameworks;
			sourceTree = "<group>";
		};
		74105832AAD571C7DB7B36A6 /* Pods */ = {
			isa = PBXGroup;
			children = (
				6F9426F2443D096D756AE2CD /* Pods-RecipeApp.debug.xcconfig */,
				E993170BC0A4061B3DBCE9AA /* Pods-RecipeApp.release.xcconfig */,
				7AF98BF069C07D416663EA77 /* Pods-RecipeAppTests.debug.xcconfig */,
				70F3EECA1177C4D68EF9B64D /* Pods-RecipeAppTests.release.xcconfig */,
			);
			path = Pods;
			sourceTree = "<group>";
		};
		CB3B3C4725208D44007C6EDB /* CoreData */ = {
			isa = PBXGroup;
			children = (
				CB3B3C4925208D5D007C6EDB /* CoreDataManager.swift */,
				CB3B3C4825208D5A007C6EDB /* CoreDataStack.swift */,
				CBD706972528814B00568539 /* RecipeModel.xcdatamodeld */,
			);
			path = CoreData;
			sourceTree = "<group>";
		};
		CB6DB229251F307D00097010 /* NetworkingTest */ = {
			isa = PBXGroup;
			children = (
				CB7280B7251DD70200370A42 /* NetworkingServiceTestCase.swift */,
				CB7280C1251DD73300370A42 /* FakeResponseData.swift */,
				CB7280C7251DD74100370A42 /* Recipe.json */,
				CB7280C8251DD78400370A42 /* MockNetworkingSession.swift */,
			);
			path = NetworkingTest;
			sourceTree = "<group>";
		};
		CB6DB22A251F30C100097010 /* Networking */ = {
			isa = PBXGroup;
			children = (
				CBC3251F2515EC050007C146 /* NetworkingSession.swift */,
				CB7280A5251DC6AF00370A42 /* NetworkingService.swift */,
				CB7280AB251DC79700370A42 /* Data.swift */,
				CB7280AE251DC7BF00370A42 /* RequestError.swift */,
			);
			path = Networking;
			sourceTree = "<group>";
		};
		CB7280B6251DD70200370A42 /* RecipeAppTests */ = {
			isa = PBXGroup;
			children = (
				CBB59848253B628300C40D3F /* CoreDataTest */,
				CBB59828253B513B00C40D3F /* RecipeModelTest */,
				CB6DB229251F307D00097010 /* NetworkingTest */,
				CB7280B9251DD70200370A42 /* Info.plist */,
			);
			path = RecipeAppTests;
			sourceTree = "<group>";
		};
		CB72813C251E421100370A42 /* Extensions */ = {
			isa = PBXGroup;
			children = (
				CB72813D251E425800370A42 /* String+transformToArray.swift */,
				CB728145251E428400370A42 /* Array+transformToString.swift */,
				CB728149251E446300370A42 /* String+asData.swift */,
			);
			path = Extensions;
			sourceTree = "<group>";
		};
		CBB59828253B513B00C40D3F /* RecipeModelTest */ = {
			isa = PBXGroup;
			children = (
				CB6DB237251F366F00097010 /* RecipeModelFromHitTestCase.swift */,
				CBB59824253B513400C40D3F /* RecipeModelFromRecipeEntityTestCase.swift */,
			);
			path = RecipeModelTest;
			sourceTree = "<group>";
		};
		CBB59848253B628300C40D3F /* CoreDataTest */ = {
			isa = PBXGroup;
			children = (
				CBB59836253B555900C40D3F /* FakeCoreDataStack.swift */,
				CBB5983A253B5B4A00C40D3F /* CoreDataManagerTestCase.swift */,
			);
			path = CoreDataTest;
			sourceTree = "<group>";
		};
		CBC324F92515E90F0007C146 = {
			isa = PBXGroup;
			children = (
				CBC325042515E9100007C146 /* RecipeApp */,
				CB7280B6251DD70200370A42 /* RecipeAppTests */,
				CBC325032515E9100007C146 /* Products */,
				74105832AAD571C7DB7B36A6 /* Pods */,
				4E7D7602D8F20118ABFA1210 /* Frameworks */,
			);
			sourceTree = "<group>";
		};
		CBC325032515E9100007C146 /* Products */ = {
			isa = PBXGroup;
			children = (
				CBC325022515E9100007C146 /* RecipeApp.app */,
				CB7280B5251DD70200370A42 /* RecipeAppTests.xctest */,
			);
			name = Products;
			sourceTree = "<group>";
		};
		CBC325042515E9100007C146 /* RecipeApp */ = {
			isa = PBXGroup;
			children = (
				CBC3251C2515EBB50007C146 /* Model */,
				CBC3251D2515EBCA0007C146 /* View */,
				CBC3251E2515EBD70007C146 /* Controller */,
				CBC325052515E9100007C146 /* AppDelegate.swift */,
				CBC325112515E9100007C146 /* Assets.xcassets */,
				CBC325132515E9100007C146 /* LaunchScreen.storyboard */,
				CBC325162515E9100007C146 /* Info.plist */,
			);
			path = RecipeApp;
			sourceTree = "<group>";
		};
		CBC3251C2515EBB50007C146 /* Model */ = {
			isa = PBXGroup;
			children = (
				CB3B3C4725208D44007C6EDB /* CoreData */,
				CB6DB22A251F30C100097010 /* Networking */,
				CB72813C251E421100370A42 /* Extensions */,
				CB728138251E41CE00370A42 /* RecipeViewModel.swift */,
				CB759EF52529FDB700D4EC0B /* Constant.swift */,
				CB759EF9252A082500D4EC0B /* EdamamKey.swift */,
			);
			path = Model;
			sourceTree = "<group>";
		};
		CBC3251D2515EBCA0007C146 /* View */ = {
			isa = PBXGroup;
			children = (
				CBC3250B2515E9100007C146 /* Main.storyboard */,
				CBA596702516C61A000AC461 /* CustomTextField.swift */,
				CBC4D2C525175ED40073FD6A /* RecipeCell */,
				CBC4D2C425175EA80073FD6A /* Extensions */,
				CBD706A025288B9800568539 /* FavoriteButton.swift */,
				CB759F01252A426B00D4EC0B /* CustomTabBar.swift */,
			);
			path = View;
			sourceTree = "<group>";
		};
		CBC3251E2515EBD70007C146 /* Controller */ = {
			isa = PBXGroup;
			children = (
				CBC325092515E9100007C146 /* HomeViewController.swift */,
				CBC4D2C2251756F40073FD6A /* RecipesTableViewController.swift */,
				CBD706A42528A80900568539 /* FavoriteRecipesTableViewController copy.swift */,
				CB6DB24C251F511F00097010 /* RecipeDetailViewController.swift */,
				CBC4D2C625175F010073FD6A /* Extensions */,
			);
			path = Controller;
			sourceTree = "<group>";
		};
		CBC4D2C425175EA80073FD6A /* Extensions */ = {
			isa = PBXGroup;
			children = (
				CBA5966E2516BC29000AC461 /* UIView+cornerRadius.swift */,
				CB1C0AF62517514D00BE9AD3 /* UIView+shadow.swift */,
			);
			path = Extensions;
			sourceTree = "<group>";
		};
		CBC4D2C525175ED40073FD6A /* RecipeCell */ = {
			isa = PBXGroup;
			children = (
				CB1C0AF82517518200BE9AD3 /* RecipeCell.swift */,
				CB1C0AF92517518200BE9AD3 /* RecipeCell.xib */,
			);
			path = RecipeCell;
			sourceTree = "<group>";
		};
		CBC4D2C625175F010073FD6A /* Extensions */ = {
			isa = PBXGroup;
			children = (
				CBA060F92516DE5400AC03C4 /* UIViewController+setAlertVc.swift */,
				CB6DB248251F501E00097010 /* UIColor+getColorTheme.swift */,
			);
			path = Extensions;
			sourceTree = "<group>";
		};
/* End PBXGroup section */

/* Begin PBXNativeTarget section */
		CB7280B4251DD70200370A42 /* RecipeAppTests */ = {
			isa = PBXNativeTarget;
			buildConfigurationList = CB7280BC251DD70200370A42 /* Build configuration list for PBXNativeTarget "RecipeAppTests" */;
			buildPhases = (
				EEE135320A52B53427D3D361 /* [CP] Check Pods Manifest.lock */,
				CB7280B1251DD70200370A42 /* Sources */,
				CB7280B2251DD70200370A42 /* Frameworks */,
				CB7280B3251DD70200370A42 /* Resources */,
			);
			buildRules = (
			);
			dependencies = (
				CB7280BB251DD70200370A42 /* PBXTargetDependency */,
			);
			name = RecipeAppTests;
			productName = RecipeAppTests;
			productReference = CB7280B5251DD70200370A42 /* RecipeAppTests.xctest */;
			productType = "com.apple.product-type.bundle.unit-test";
		};
		CBC325012515E90F0007C146 /* RecipeApp */ = {
			isa = PBXNativeTarget;
			buildConfigurationList = CBC325192515E9100007C146 /* Build configuration list for PBXNativeTarget "RecipeApp" */;
			buildPhases = (
				F3884133FEC4B957B8457135 /* [CP] Check Pods Manifest.lock */,
				CBC324FE2515E90F0007C146 /* Sources */,
				CBC324FF2515E90F0007C146 /* Frameworks */,
				CBC325002515E90F0007C146 /* Resources */,
			);
			buildRules = (
			);
			dependencies = (
			);
			name = RecipeApp;
			productName = RecipeApp;
			productReference = CBC325022515E9100007C146 /* RecipeApp.app */;
			productType = "com.apple.product-type.application";
		};
/* End PBXNativeTarget section */

/* Begin PBXProject section */
		CBC324FA2515E90F0007C146 /* Project object */ = {
			isa = PBXProject;
			attributes = {
				LastSwiftUpdateCheck = 1200;
				LastUpgradeCheck = 1200;
				ORGANIZATIONNAME = "Merouane Bellaha";
				TargetAttributes = {
					CB7280B4251DD70200370A42 = {
						CreatedOnToolsVersion = 12.0;
						TestTargetID = CBC325012515E90F0007C146;
					};
					CBC325012515E90F0007C146 = {
						CreatedOnToolsVersion = 11.7;
					};
				};
			};
			buildConfigurationList = CBC324FD2515E90F0007C146 /* Build configuration list for PBXProject "RecipeApp" */;
			compatibilityVersion = "Xcode 9.3";
			developmentRegion = en;
			hasScannedForEncodings = 0;
			knownRegions = (
				en,
				Base,
			);
			mainGroup = CBC324F92515E90F0007C146;
			productRefGroup = CBC325032515E9100007C146 /* Products */;
			projectDirPath = "";
			projectRoot = "";
			targets = (
				CBC325012515E90F0007C146 /* RecipeApp */,
				CB7280B4251DD70200370A42 /* RecipeAppTests */,
			);
		};
/* End PBXProject section */

/* Begin PBXResourcesBuildPhase section */
		CB7280B3251DD70200370A42 /* Resources */ = {
			isa = PBXResourcesBuildPhase;
			buildActionMask = 2147483647;
			files = (
				CB72812C251DF91B00370A42 /* Recipe.json in Resources */,
			);
			runOnlyForDeploymentPostprocessing = 0;
		};
		CBC325002515E90F0007C146 /* Resources */ = {
			isa = PBXResourcesBuildPhase;
			buildActionMask = 2147483647;
			files = (
				CBC325152515E9100007C146 /* LaunchScreen.storyboard in Resources */,
				CBC325122515E9100007C146 /* Assets.xcassets in Resources */,
				CBC3250D2515E9100007C146 /* Main.storyboard in Resources */,
				CB1C0AFB2517518200BE9AD3 /* RecipeCell.xib in Resources */,
			);
			runOnlyForDeploymentPostprocessing = 0;
		};
/* End PBXResourcesBuildPhase section */

/* Begin PBXShellScriptBuildPhase section */
		EEE135320A52B53427D3D361 /* [CP] Check Pods Manifest.lock */ = {
			isa = PBXShellScriptBuildPhase;
			buildActionMask = 2147483647;
			files = (
			);
			inputFileListPaths = (
			);
			inputPaths = (
				"${PODS_PODFILE_DIR_PATH}/Podfile.lock",
				"${PODS_ROOT}/Manifest.lock",
			);
			name = "[CP] Check Pods Manifest.lock";
			outputFileListPaths = (
			);
			outputPaths = (
				"$(DERIVED_FILE_DIR)/Pods-RecipeAppTests-checkManifestLockResult.txt",
			);
			runOnlyForDeploymentPostprocessing = 0;
			shellPath = /bin/sh;
			shellScript = "diff \"${PODS_PODFILE_DIR_PATH}/Podfile.lock\" \"${PODS_ROOT}/Manifest.lock\" > /dev/null\nif [ $? != 0 ] ; then\n    # print error to STDERR\n    echo \"error: The sandbox is not in sync with the Podfile.lock. Run 'pod install' or update your CocoaPods installation.\" >&2\n    exit 1\nfi\n# This output is used by Xcode 'outputs' to avoid re-running this script phase.\necho \"SUCCESS\" > \"${SCRIPT_OUTPUT_FILE_0}\"\n";
			showEnvVarsInLog = 0;
		};
		F3884133FEC4B957B8457135 /* [CP] Check Pods Manifest.lock */ = {
			isa = PBXShellScriptBuildPhase;
			buildActionMask = 2147483647;
			files = (
			);
			inputFileListPaths = (
			);
			inputPaths = (
				"${PODS_PODFILE_DIR_PATH}/Podfile.lock",
				"${PODS_ROOT}/Manifest.lock",
			);
			name = "[CP] Check Pods Manifest.lock";
			outputFileListPaths = (
			);
			outputPaths = (
				"$(DERIVED_FILE_DIR)/Pods-RecipeApp-checkManifestLockResult.txt",
			);
			runOnlyForDeploymentPostprocessing = 0;
			shellPath = /bin/sh;
			shellScript = "diff \"${PODS_PODFILE_DIR_PATH}/Podfile.lock\" \"${PODS_ROOT}/Manifest.lock\" > /dev/null\nif [ $? != 0 ] ; then\n    # print error to STDERR\n    echo \"error: The sandbox is not in sync with the Podfile.lock. Run 'pod install' or update your CocoaPods installation.\" >&2\n    exit 1\nfi\n# This output is used by Xcode 'outputs' to avoid re-running this script phase.\necho \"SUCCESS\" > \"${SCRIPT_OUTPUT_FILE_0}\"\n";
			showEnvVarsInLog = 0;
		};
/* End PBXShellScriptBuildPhase section */

/* Begin PBXSourcesBuildPhase section */
		CB7280B1251DD70200370A42 /* Sources */ = {
			isa = PBXSourcesBuildPhase;
			buildActionMask = 2147483647;
			files = (
				CB7280C9251DD78400370A42 /* MockNetworkingSession.swift in Sources */,
				CB6DB238251F366F00097010 /* RecipeModelFromHitTestCase.swift in Sources */,
				CBB5983B253B5B4A00C40D3F /* CoreDataManagerTestCase.swift in Sources */,
				CB7280B8251DD70200370A42 /* NetworkingServiceTestCase.swift in Sources */,
				CBB59825253B513400C40D3F /* RecipeModelFromRecipeEntityTestCase.swift in Sources */,
				CBB59837253B555900C40D3F /* FakeCoreDataStack.swift in Sources */,
				CB7280C2251DD73300370A42 /* FakeResponseData.swift in Sources */,
			);
			runOnlyForDeploymentPostprocessing = 0;
		};
		CBC324FE2515E90F0007C146 /* Sources */ = {
			isa = PBXSourcesBuildPhase;
			buildActionMask = 2147483647;
			files = (
				CB3B3C5425208E63007C6EDB /* CoreDataStack.swift in Sources */,
				CB72813E251E425800370A42 /* String+transformToArray.swift in Sources */,
				CB1C0AF72517514D00BE9AD3 /* UIView+shadow.swift in Sources */,
				CBA060FA2516DE5400AC03C4 /* UIViewController+setAlertVc.swift in Sources */,
				CBC3250A2515E9100007C146 /* HomeViewController.swift in Sources */,
				CBD706A52528A80900568539 /* FavoriteRecipesTableViewController copy.swift in Sources */,
				CB1C0AFA2517518200BE9AD3 /* RecipeCell.swift in Sources */,
				CB6DB24D251F511F00097010 /* RecipeDetailViewController.swift in Sources */,
				CBC4D2C3251756F40073FD6A /* RecipesTableViewController.swift in Sources */,
				CBC325202515EC050007C146 /* NetworkingSession.swift in Sources */,
				CBA596712516C61A000AC461 /* CustomTextField.swift in Sources */,
				CB759EFA252A082500D4EC0B /* EdamamKey.swift in Sources */,
				CB759EF62529FDB700D4EC0B /* Constant.swift in Sources */,
				CB728146251E428400370A42 /* Array+transformToString.swift in Sources */,
				CB728139251E41CE00370A42 /* RecipeViewModel.swift in Sources */,
				CB7280AC251DC79700370A42 /* Data.swift in Sources */,
				CB759F02252A426B00D4EC0B /* CustomTabBar.swift in Sources */,
				CBC325062515E9100007C146 /* AppDelegate.swift in Sources */,
				CB7280AF251DC7BF00370A42 /* RequestError.swift in Sources */,
				CB7280A6251DC6AF00370A42 /* NetworkingService.swift in Sources */,
				CB6DB249251F501E00097010 /* UIColor+getColorTheme.swift in Sources */,
				CBA5966F2516BC29000AC461 /* UIView+cornerRadius.swift in Sources */,
				CBD706992528814B00568539 /* RecipeModel.xcdatamodeld in Sources */,
				CB3B3C5125208E60007C6EDB /* CoreDataManager.swift in Sources */,
				CB72814A251E446300370A42 /* String+asData.swift in Sources */,
				CBD706A125288B9800568539 /* FavoriteButton.swift in Sources */,
			);
			runOnlyForDeploymentPostprocessing = 0;
		};
/* End PBXSourcesBuildPhase section */

/* Begin PBXTargetDependency section */
		CB7280BB251DD70200370A42 /* PBXTargetDependency */ = {
			isa = PBXTargetDependency;
			target = CBC325012515E90F0007C146 /* RecipeApp */;
			targetProxy = CB7280BA251DD70200370A42 /* PBXContainerItemProxy */;
		};
/* End PBXTargetDependency section */

/* Begin PBXVariantGroup section */
		CBC3250B2515E9100007C146 /* Main.storyboard */ = {
			isa = PBXVariantGroup;
			children = (
				CBC3250C2515E9100007C146 /* Base */,
			);
			name = Main.storyboard;
			sourceTree = "<group>";
		};
		CBC325132515E9100007C146 /* LaunchScreen.storyboard */ = {
			isa = PBXVariantGroup;
			children = (
				CBC325142515E9100007C146 /* Base */,
			);
			name = LaunchScreen.storyboard;
			sourceTree = "<group>";
		};
/* End PBXVariantGroup section */

/* Begin XCBuildConfiguration section */
		CB7280BD251DD70200370A42 /* Debug */ = {
			isa = XCBuildConfiguration;
			baseConfigurationReference = 7AF98BF069C07D416663EA77 /* Pods-RecipeAppTests.debug.xcconfig */;
			buildSettings = {
				BUNDLE_LOADER = "$(TEST_HOST)";
				"CODE_SIGN_IDENTITY[sdk=macosx*]" = "Apple Development";
				CODE_SIGN_STYLE = Automatic;
				DEVELOPMENT_TEAM = K8M973GY56;
				INFOPLIST_FILE = RecipeAppTests/Info.plist;
				IPHONEOS_DEPLOYMENT_TARGET = 11.0;
				LD_RUNPATH_SEARCH_PATHS = (
					"$(inherited)",
					"@executable_path/Frameworks",
					"@loader_path/Frameworks",
				);
				PRODUCT_BUNDLE_IDENTIFIER = com.palsion.RecipeAppTests;
				PRODUCT_NAME = "$(TARGET_NAME)";
				SWIFT_VERSION = 5.0;
				TARGETED_DEVICE_FAMILY = "1,2";
				TEST_HOST = "$(BUILT_PRODUCTS_DIR)/RecipeApp.app/RecipeApp";
			};
			name = Debug;
		};
		CB7280BE251DD70200370A42 /* Release */ = {
			isa = XCBuildConfiguration;
			baseConfigurationReference = 70F3EECA1177C4D68EF9B64D /* Pods-RecipeAppTests.release.xcconfig */;
			buildSettings = {
				BUNDLE_LOADER = "$(TEST_HOST)";
				"CODE_SIGN_IDENTITY[sdk=macosx*]" = "Apple Development";
				CODE_SIGN_STYLE = Automatic;
				DEVELOPMENT_TEAM = K8M973GY56;
				INFOPLIST_FILE = RecipeAppTests/Info.plist;
				IPHONEOS_DEPLOYMENT_TARGET = 11.0;
				LD_RUNPATH_SEARCH_PATHS = (
					"$(inherited)",
					"@executable_path/Frameworks",
					"@loader_path/Frameworks",
				);
				PRODUCT_BUNDLE_IDENTIFIER = com.palsion.RecipeAppTests;
				PRODUCT_NAME = "$(TARGET_NAME)";
				SWIFT_VERSION = 5.0;
				TARGETED_DEVICE_FAMILY = "1,2";
				TEST_HOST = "$(BUILT_PRODUCTS_DIR)/RecipeApp.app/RecipeApp";
			};
			name = Release;
		};
		CBC325172515E9100007C146 /* Debug */ = {
			isa = XCBuildConfiguration;
			buildSettings = {
				ALWAYS_SEARCH_USER_PATHS = NO;
				CLANG_ANALYZER_NONNULL = YES;
				CLANG_ANALYZER_NUMBER_OBJECT_CONVERSION = YES_AGGRESSIVE;
				CLANG_CXX_LANGUAGE_STANDARD = "gnu++14";
				CLANG_CXX_LIBRARY = "libc++";
				CLANG_ENABLE_MODULES = YES;
				CLANG_ENABLE_OBJC_ARC = YES;
				CLANG_ENABLE_OBJC_WEAK = YES;
				CLANG_WARN_BLOCK_CAPTURE_AUTORELEASING = YES;
				CLANG_WARN_BOOL_CONVERSION = YES;
				CLANG_WARN_COMMA = YES;
				CLANG_WARN_CONSTANT_CONVERSION = YES;
				CLANG_WARN_DEPRECATED_OBJC_IMPLEMENTATIONS = YES;
				CLANG_WARN_DIRECT_OBJC_ISA_USAGE = YES_ERROR;
				CLANG_WARN_DOCUMENTATION_COMMENTS = YES;
				CLANG_WARN_EMPTY_BODY = YES;
				CLANG_WARN_ENUM_CONVERSION = YES;
				CLANG_WARN_INFINITE_RECURSION = YES;
				CLANG_WARN_INT_CONVERSION = YES;
				CLANG_WARN_NON_LITERAL_NULL_CONVERSION = YES;
				CLANG_WARN_OBJC_IMPLICIT_RETAIN_SELF = YES;
				CLANG_WARN_OBJC_LITERAL_CONVERSION = YES;
				CLANG_WARN_OBJC_ROOT_CLASS = YES_ERROR;
				CLANG_WARN_QUOTED_INCLUDE_IN_FRAMEWORK_HEADER = YES;
				CLANG_WARN_RANGE_LOOP_ANALYSIS = YES;
				CLANG_WARN_STRICT_PROTOTYPES = YES;
				CLANG_WARN_SUSPICIOUS_MOVE = YES;
				CLANG_WARN_UNGUARDED_AVAILABILITY = YES_AGGRESSIVE;
				CLANG_WARN_UNREACHABLE_CODE = YES;
				CLANG_WARN__DUPLICATE_METHOD_MATCH = YES;
				COPY_PHASE_STRIP = NO;
				DEBUG_INFORMATION_FORMAT = dwarf;
				ENABLE_STRICT_OBJC_MSGSEND = YES;
				ENABLE_TESTABILITY = YES;
				GCC_C_LANGUAGE_STANDARD = gnu11;
				GCC_DYNAMIC_NO_PIC = NO;
				GCC_NO_COMMON_BLOCKS = YES;
				GCC_OPTIMIZATION_LEVEL = 0;
				GCC_PREPROCESSOR_DEFINITIONS = (
					"DEBUG=1",
					"$(inherited)",
				);
				GCC_WARN_64_TO_32_BIT_CONVERSION = YES;
				GCC_WARN_ABOUT_RETURN_TYPE = YES_ERROR;
				GCC_WARN_UNDECLARED_SELECTOR = YES;
				GCC_WARN_UNINITIALIZED_AUTOS = YES_AGGRESSIVE;
				GCC_WARN_UNUSED_FUNCTION = YES;
				GCC_WARN_UNUSED_VARIABLE = YES;
				IPHONEOS_DEPLOYMENT_TARGET = 11.0;
				MTL_ENABLE_DEBUG_INFO = INCLUDE_SOURCE;
				MTL_FAST_MATH = YES;
				ONLY_ACTIVE_ARCH = YES;
				SDKROOT = iphoneos;
				SWIFT_ACTIVE_COMPILATION_CONDITIONS = DEBUG;
				SWIFT_OPTIMIZATION_LEVEL = "-Onone";
			};
			name = Debug;
		};
		CBC325182515E9100007C146 /* Release */ = {
			isa = XCBuildConfiguration;
			buildSettings = {
				ALWAYS_SEARCH_USER_PATHS = NO;
				CLANG_ANALYZER_NONNULL = YES;
				CLANG_ANALYZER_NUMBER_OBJECT_CONVERSION = YES_AGGRESSIVE;
				CLANG_CXX_LANGUAGE_STANDARD = "gnu++14";
				CLANG_CXX_LIBRARY = "libc++";
				CLANG_ENABLE_MODULES = YES;
				CLANG_ENABLE_OBJC_ARC = YES;
				CLANG_ENABLE_OBJC_WEAK = YES;
				CLANG_WARN_BLOCK_CAPTURE_AUTORELEASING = YES;
				CLANG_WARN_BOOL_CONVERSION = YES;
				CLANG_WARN_COMMA = YES;
				CLANG_WARN_CONSTANT_CONVERSION = YES;
				CLANG_WARN_DEPRECATED_OBJC_IMPLEMENTATIONS = YES;
				CLANG_WARN_DIRECT_OBJC_ISA_USAGE = YES_ERROR;
				CLANG_WARN_DOCUMENTATION_COMMENTS = YES;
				CLANG_WARN_EMPTY_BODY = YES;
				CLANG_WARN_ENUM_CONVERSION = YES;
				CLANG_WARN_INFINITE_RECURSION = YES;
				CLANG_WARN_INT_CONVERSION = YES;
				CLANG_WARN_NON_LITERAL_NULL_CONVERSION = YES;
				CLANG_WARN_OBJC_IMPLICIT_RETAIN_SELF = YES;
				CLANG_WARN_OBJC_LITERAL_CONVERSION = YES;
				CLANG_WARN_OBJC_ROOT_CLASS = YES_ERROR;
				CLANG_WARN_QUOTED_INCLUDE_IN_FRAMEWORK_HEADER = YES;
				CLANG_WARN_RANGE_LOOP_ANALYSIS = YES;
				CLANG_WARN_STRICT_PROTOTYPES = YES;
				CLANG_WARN_SUSPICIOUS_MOVE = YES;
				CLANG_WARN_UNGUARDED_AVAILABILITY = YES_AGGRESSIVE;
				CLANG_WARN_UNREACHABLE_CODE = YES;
				CLANG_WARN__DUPLICATE_METHOD_MATCH = YES;
				COPY_PHASE_STRIP = NO;
				DEBUG_INFORMATION_FORMAT = "dwarf-with-dsym";
				ENABLE_NS_ASSERTIONS = NO;
				ENABLE_STRICT_OBJC_MSGSEND = YES;
				GCC_C_LANGUAGE_STANDARD = gnu11;
				GCC_NO_COMMON_BLOCKS = YES;
				GCC_WARN_64_TO_32_BIT_CONVERSION = YES;
				GCC_WARN_ABOUT_RETURN_TYPE = YES_ERROR;
				GCC_WARN_UNDECLARED_SELECTOR = YES;
				GCC_WARN_UNINITIALIZED_AUTOS = YES_AGGRESSIVE;
				GCC_WARN_UNUSED_FUNCTION = YES;
				GCC_WARN_UNUSED_VARIABLE = YES;
				IPHONEOS_DEPLOYMENT_TARGET = 11.0;
				MTL_ENABLE_DEBUG_INFO = NO;
				MTL_FAST_MATH = YES;
				SDKROOT = iphoneos;
				SWIFT_COMPILATION_MODE = wholemodule;
				SWIFT_OPTIMIZATION_LEVEL = "-O";
				VALIDATE_PRODUCT = YES;
			};
			name = Release;
		};
		CBC3251A2515E9100007C146 /* Debug */ = {
			isa = XCBuildConfiguration;
			baseConfigurationReference = 6F9426F2443D096D756AE2CD /* Pods-RecipeApp.debug.xcconfig */;
			buildSettings = {
				ASSETCATALOG_COMPILER_APPICON_NAME = AppIcon;
				CODE_SIGN_STYLE = Automatic;
				DEVELOPMENT_TEAM = K8M973GY56;
				INFOPLIST_FILE = RecipeApp/Info.plist;
				IPHONEOS_DEPLOYMENT_TARGET = 11.0;
				LD_RUNPATH_SEARCH_PATHS = (
					"$(inherited)",
					"@executable_path/Frameworks",
				);
				PRODUCT_BUNDLE_IDENTIFIER = com.merouanebellaha.RecipeApp;
				PRODUCT_NAME = "$(TARGET_NAME)";
				SWIFT_VERSION = 5.0;
				TARGETED_DEVICE_FAMILY = 1;
			};
			name = Debug;
		};
		CBC3251B2515E9100007C146 /* Release */ = {
			isa = XCBuildConfiguration;
			baseConfigurationReference = E993170BC0A4061B3DBCE9AA /* Pods-RecipeApp.release.xcconfig */;
			buildSettings = {
				ASSETCATALOG_COMPILER_APPICON_NAME = AppIcon;
				CODE_SIGN_STYLE = Automatic;
				DEVELOPMENT_TEAM = K8M973GY56;
				INFOPLIST_FILE = RecipeApp/Info.plist;
				IPHONEOS_DEPLOYMENT_TARGET = 11.0;
				LD_RUNPATH_SEARCH_PATHS = (
					"$(inherited)",
					"@executable_path/Frameworks",
				);
				PRODUCT_BUNDLE_IDENTIFIER = com.merouanebellaha.RecipeApp;
				PRODUCT_NAME = "$(TARGET_NAME)";
				SWIFT_VERSION = 5.0;
				TARGETED_DEVICE_FAMILY = 1;
			};
			name = Release;
		};
/* End XCBuildConfiguration section */

/* Begin XCConfigurationList section */
		CB7280BC251DD70200370A42 /* Build configuration list for PBXNativeTarget "RecipeAppTests" */ = {
			isa = XCConfigurationList;
			buildConfigurations = (
				CB7280BD251DD70200370A42 /* Debug */,
				CB7280BE251DD70200370A42 /* Release */,
			);
			defaultConfigurationIsVisible = 0;
			defaultConfigurationName = Release;
		};
		CBC324FD2515E90F0007C146 /* Build configuration list for PBXProject "RecipeApp" */ = {
			isa = XCConfigurationList;
			buildConfigurations = (
				CBC325172515E9100007C146 /* Debug */,
				CBC325182515E9100007C146 /* Release */,
			);
			defaultConfigurationIsVisible = 0;
			defaultConfigurationName = Release;
		};
		CBC325192515E9100007C146 /* Build configuration list for PBXNativeTarget "RecipeApp" */ = {
			isa = XCConfigurationList;
			buildConfigurations = (
				CBC3251A2515E9100007C146 /* Debug */,
				CBC3251B2515E9100007C146 /* Release */,
			);
			defaultConfigurationIsVisible = 0;
			defaultConfigurationName = Release;
		};
/* End XCConfigurationList section */

/* Begin XCVersionGroup section */
		CBD706972528814B00568539 /* RecipeModel.xcdatamodeld */ = {
			isa = XCVersionGroup;
			children = (
				CBD706982528814B00568539 /* Recipe.xcdatamodel */,
			);
			currentVersion = CBD706982528814B00568539 /* Recipe.xcdatamodel */;
			path = RecipeModel.xcdatamodeld;
			sourceTree = "<group>";
			versionGroupType = wrapper.xcdatamodel;
		};
/* End XCVersionGroup section */
	};
	rootObject = CBC324FA2515E90F0007C146 /* Project object */;
}
